# This file is automatically generated by Poetry and should not be changed manually.
[[package]]
name = "numpy"
version = "1.24.3"
description = "Fundamental package for scientific computing with Python"
category = "main"
optional = false
python-versions = ">=3.9"

[[package]]
name = "fastapi"
version = "0.100.0"
description = "FastAPI framework, high performance, easy to learn, fast to code, ready for production"
category = "main"
optional = false
python-versions = ">=3.7"

[[package]]
name = "uvicorn"
version = "0.22.0"
description = "The lightning-fast ASGI server."
category = "main"
optional = false
python-versions = ">=3.7"

[metadata]
lock-version = "2.0"
python-versions = "^3.12"
content-hash = "a1b2c3d4e5f6g7h8i9j0"
